
Microsoft Visual Studio Solution File, Format Version 12.00
# Visual Studio 15
VisualStudioVersion = 15.0.28307.1062
MinimumVisualStudioVersion = 10.0.40219.1
Project("{9A19103F-16F7-4668-BE54-9A1E7A4F7556}") = "Kofax.QATestTask", "Kofax.QATestTask.csproj", "{5E3E0095-7850-47F1-AE76-B93FB850C7F1}"
EndProject
Global
	GlobalSection(SolutionConfigurationPlatforms) = preSolution
		Debug|Any CPU = Debug|Any CPU
		Release|Any CPU = Release|Any CPU
	EndGlobalSection
	GlobalSection(ProjectConfigurationPlatforms) = postSolution
		{5E3E0095-7850-47F1-AE76-B93FB850C7F1}.Debug|Any CPU.ActiveCfg = Debug|Any CPU
		{5E3E0095-7850-47F1-AE76-B93FB850C7F1}.Debug|Any CPU.Build.0 = Debug|Any CPU
		{5E3E0095-7850-47F1-AE76-B93FB850C7F1}.Release|Any CPU.ActiveCfg = Release|Any CPU
		{5E3E0095-7850-47F1-AE76-B93FB850C7F1}.Release|Any CPU.Build.0 = Release|Any CPU
	EndGlobalSection
	GlobalSection(SolutionProperties) = preSolution
		HideSolutionNode = FALSE
	EndGlobalSection
	GlobalSection(ExtensibilityGlobals) = postSolution
		SolutionGuid = {C0BD2323-26C2-4F38-BCDC-C1754EE0F2A2}
	EndGlobalSection
EndGlobal
